<?xml version="1.0" encoding="utf-8"?>
<Project ToolsVersion="4.0" xmlns="http://schemas.microsoft.com/developer/msbuild/2003">
  <ItemGroup>
    <Filter Include="Source Files">
      <UniqueIdentifier>{c198a517-f032-4612-92a0-ada31959d5e6}</UniqueIdentifier>
      <Extensions>cpp;c;cxx;rc;def;r;odl;idl;hpj;bat</Extensions>
    </Filter>
    <Filter Include="Header Files">
      <UniqueIdentifier>{53c7e618-632f-4a00-8529-5b6cd47b8805}</UniqueIdentifier>
      <Extensions>h;hpp;hxx;hm;inl</Extensions>
    </Filter>
    <Filter Include="Resource Files">
      <UniqueIdentifier>{a55653df-7a60-4f40-a758-1c95af941847}</UniqueIdentifier>
      <Extensions>ico;cur;bmp;dlg;rc2;rct;bin;rgs;gif;jpg;jpeg;jpe</Extensions>
    </Filter>
  </ItemGroup>
  <ItemGroup>
    <ClCompile Include="BitCanvas.cpp">
      <Filter>Source Files</Filter>
    </ClCompile>
    <ClCompile Include="DeltaField.cpp">
      <Filter>Source Files</Filter>
    </ClCompile>
    <ClCompile Include="DeltaTween.cpp">
      <Filter>Source Files</Filter>
    </ClCompile>
    <ClCompile Include="detect.c">
      <Filter>Source Files</Filter>
    </ClCompile>
    <ClCompile Include="Expression.cpp">
      <Filter>Source Files</Filter>
    </ClCompile>
    <ClCompile Include="FilingClerk.cpp">
      <Filter>Source Files</Filter>
    </ClCompile>
    <ClCompile Include="GForceFunctions.cpp">
      <Filter>Source Files</Filter>
    </ClCompile>
    <ClCompile Include="Greenshift.cpp">
      <Filter>Source Files</Filter>
    </ClCompile>
    <ClCompile Include="GreenshiftWinamp.cpp">
      <Filter>Source Files</Filter>
    </ClCompile>
    <ClCompile Include="Main.cpp">
      <Filter>Source Files</Filter>
    </ClCompile>
    <ClCompile Include="main2.cpp">
      <Filter>Source Files</Filter>
    </ClCompile>
    <ClCompile Include="MetaConfig.cpp">
      <Filter>Source Files</Filter>
    </ClCompile>
    <ClCompile Include="MetaDeltaField.cpp">
      <Filter>Source Files</Filter>
    </ClCompile>
    <ClCompile Include="MetaPalette.cpp">
      <Filter>Source Files</Filter>
    </ClCompile>
    <ClCompile Include="MetaParticle.cpp">
      <Filter>Source Files</Filter>
    </ClCompile>
    <ClCompile Include="MetaWaveShape.cpp">
      <Filter>Source Files</Filter>
    </ClCompile>
    <ClCompile Include="Palette.cpp">
      <Filter>Source Files</Filter>
    </ClCompile>
    <ClCompile Include="Particle.cpp">
      <Filter>Source Files</Filter>
    </ClCompile>
    <ClCompile Include="PhaseFunction.cpp">
      <Filter>Source Files</Filter>
    </ClCompile>
    <ClCompile Include="ThreadedEntity.cpp">
      <Filter>Source Files</Filter>
    </ClCompile>
    <ClCompile Include="TweenThread.cpp">
      <Filter>Source Files</Filter>
    </ClCompile>
    <ClCompile Include="VectorGraphic.cpp">
      <Filter>Source Files</Filter>
    </ClCompile>
    <ClCompile Include="WindowDevice.cpp">
      <Filter>Source Files</Filter>
    </ClCompile>
    <ClCompile Include="WindowDeviceDX.cpp">
      <Filter>Source Files</Filter>
    </ClCompile>
    <ClCompile Include="WindowDeviceOpenGL.cpp">
      <Filter>Source Files</Filter>
    </ClCompile>
  </ItemGroup>
  <ItemGroup>
    <ClInclude Include="adetect.h">
      <Filter>Header Files</Filter>
    </ClInclude>
    <ClInclude Include="Association.h">
      <Filter>Header Files</Filter>
    </ClInclude>
    <ClInclude Include="BitCanvas.h">
      <Filter>Header Files</Filter>
    </ClInclude>
    <ClInclude Include="CollectionsAbstract.h">
      <Filter>Header Files</Filter>
    </ClInclude>
    <ClInclude Include="ContiguousAlignedMemoryAllocator.h">
      <Filter>Header Files</Filter>
    </ClInclude>
    <ClInclude Include="DeltaField.h">
      <Filter>Header Files</Filter>
    </ClInclude>
    <ClInclude Include="DeltaTween.h">
      <Filter>Header Files</Filter>
    </ClInclude>
    <ClInclude Include="DXError.h">
      <Filter>Header Files</Filter>
    </ClInclude>
    <ClInclude Include="Expression.h">
      <Filter>Header Files</Filter>
    </ClInclude>
    <ClInclude Include="FilingClerk.h">
      <Filter>Header Files</Filter>
    </ClInclude>
    <ClInclude Include="frontend.h">
      <Filter>Header Files</Filter>
    </ClInclude>
    <ClInclude Include="GForceFunctions.h">
      <Filter>Header Files</Filter>
    </ClInclude>
    <ClInclude Include="Greenshift.h">
      <Filter>Header Files</Filter>
    </ClInclude>
    <ClInclude Include="GreenshiftWinamp.h">
      <Filter>Header Files</Filter>
    </ClInclude>
    <ClInclude Include="HighResolutionTimer.h">
      <Filter>Header Files</Filter>
    </ClInclude>
    <ClInclude Include="Interval.h">
      <Filter>Header Files</Filter>
    </ClInclude>
    <ClInclude Include="MetaConfig.h">
      <Filter>Header Files</Filter>
    </ClInclude>
    <ClInclude Include="MetaDeltaField.h">
      <Filter>Header Files</Filter>
    </ClInclude>
    <ClInclude Include="MetaPalette.h">
      <Filter>Header Files</Filter>
    </ClInclude>
    <ClInclude Include="MetaParticle.h">
      <Filter>Header Files</Filter>
    </ClInclude>
    <ClInclude Include="MetaWaveShape.h">
      <Filter>Header Files</Filter>
    </ClInclude>
    <ClInclude Include="Palette.h">
      <Filter>Header Files</Filter>
    </ClInclude>
    <ClInclude Include="Particle.h">
      <Filter>Header Files</Filter>
    </ClInclude>
    <ClInclude Include="PhaseFunction.h">
      <Filter>Header Files</Filter>
    </ClInclude>
    <ClInclude Include="PointRotation.h">
      <Filter>Header Files</Filter>
    </ClInclude>
    <ClInclude Include="Project Greenshift.h">
      <Filter>Header Files</Filter>
    </ClInclude>
    <ClInclude Include="ThreadedEntity.h">
      <Filter>Header Files</Filter>
    </ClInclude>
    <ClInclude Include="TweenThread.h">
      <Filter>Header Files</Filter>
    </ClInclude>
    <ClInclude Include="VectorGraphic.h">
      <Filter>Header Files</Filter>
    </ClInclude>
    <ClInclude Include="Vis.h">
      <Filter>Header Files</Filter>
    </ClInclude>
    <ClInclude Include="WindowDevice.h">
      <Filter>Header Files</Filter>
    </ClInclude>
    <ClInclude Include="WindowDeviceDX.h">
      <Filter>Header Files</Filter>
    </ClInclude>
    <ClInclude Include="WindowDeviceOpenGL.h">
      <Filter>Header Files</Filter>
    </ClInclude>
    <ClInclude Include="MyDictionary.h">
      <Filter>Header Files</Filter>
    </ClInclude>
    <ClInclude Include="LinearMap.h">
      <Filter>Header Files</Filter>
    </ClInclude>
  </ItemGroup>
  <ItemGroup>
    <Text Include="settings.txt" />
  </ItemGroup>
</Project>